
Microsoft Visual Studio Solution File, Format Version 12.00
# Visual Studio Version 16
VisualStudioVersion = 16.0.30907.101
MinimumVisualStudioVersion = 10.0.40219.1
Project("{8BC9CEB8-8B4A-11D0-8D11-00A0C91BC942}") = "Cpp_itheima", "Cpp_itheima.vcxproj", "{27817054-4299-4AA8-9459-9DEF152BA503}"
EndProject
Global
	GlobalSection(SolutionConfigurationPlatforms) = preSolution
		Debug|x64 = Debug|x64
		Debug|x86 = Debug|x86
		Release|x64 = Release|x64
		Release|x86 = Release|x86
	EndGlobalSection
	GlobalSection(ProjectConfigurationPlatforms) = postSolution
		{27817054-4299-4AA8-9459-9DEF152BA503}.Debug|x64.ActiveCfg = Debug|x64
		{27817054-4299-4AA8-9459-9DEF152BA503}.Debug|x64.Build.0 = Debug|x64
		{27817054-4299-4AA8-9459-9DEF152BA503}.Debug|x86.ActiveCfg = Debug|Win32
		{27817054-4299-4AA8-9459-9DEF152BA503}.Debug|x86.Build.0 = Debug|Win32
		{27817054-4299-4AA8-9459-9DEF152BA503}.Release|x64.ActiveCfg = Release|x64
		{27817054-4299-4AA8-9459-9DEF152BA503}.Release|x64.Build.0 = Release|x64
		{27817054-4299-4AA8-9459-9DEF152BA503}.Release|x86.ActiveCfg = Release|Win32
		{27817054-4299-4AA8-9459-9DEF152BA503}.Release|x86.Build.0 = Release|Win32
	EndGlobalSection
	GlobalSection(SolutionProperties) = preSolution
		HideSolutionNode = FALSE
	EndGlobalSection
	GlobalSection(ExtensibilityGlobals) = postSolution
		SolutionGuid = {4E0D967C-F1AB-4D4A-9FCA-BF68F77DDBDE}
	EndGlobalSection
EndGlobal
