<?xml version="1.0" encoding="utf-8"?>
<Project ToolsVersion="4.0" xmlns="http://schemas.microsoft.com/developer/msbuild/2003">
  <ItemGroup>
    <Filter Include="Source Files">
      <UniqueIdentifier>{4FC737F1-C7A5-4376-A066-2A32D752A2FF}</UniqueIdentifier>
      <Extensions>cpp;c;cc;cxx;c++;cppm;ixx;def;odl;idl;hpj;bat;asm;asmx</Extensions>
    </Filter>
    <Filter Include="Header Files">
      <UniqueIdentifier>{93995380-89BD-4b04-88EB-625FBE52EBFB}</UniqueIdentifier>
      <Extensions>h;hh;hpp;hxx;h++;hm;inl;inc;ipp;xsd</Extensions>
    </Filter>
    <Filter Include="Resource Files">
      <UniqueIdentifier>{67DA6AB6-F800-4c08-8B7A-83BB121AAD01}</UniqueIdentifier>
      <Extensions>rc;ico;cur;bmp;dlg;rc2;rct;bin;rgs;gif;jpg;jpeg;jpe;resx;tiff;tif;png;wav;mfcribbon-ms</Extensions>
    </Filter>
    <Filter Include="Source Files\01 Hello World">
      <UniqueIdentifier>{d9d39bf8-59fa-43e4-a183-0fb4df4f0be6}</UniqueIdentifier>
    </Filter>
    <Filter Include="Source Files\02 Types">
      <UniqueIdentifier>{59c582e7-c11c-487e-91f3-eb927ff135e8}</UniqueIdentifier>
    </Filter>
    <Filter Include="Source Files\03 Operator">
      <UniqueIdentifier>{2d7629ce-e473-4006-b3db-ae21d48fc4b3}</UniqueIdentifier>
    </Filter>
    <Filter Include="Source Files\04 Flow Structure">
      <UniqueIdentifier>{f4368e56-9f60-4bb5-93f7-63646af36ecf}</UniqueIdentifier>
    </Filter>
    <Filter Include="Source Files\05 Array">
      <UniqueIdentifier>{303afaed-000f-4df4-9f05-a9a08f8e8b1a}</UniqueIdentifier>
    </Filter>
    <Filter Include="Source Files\06 Function">
      <UniqueIdentifier>{122fc30a-4bd3-4be0-bf11-9cf4b5d89ba7}</UniqueIdentifier>
    </Filter>
    <Filter Include="Source Files\07 指针">
      <UniqueIdentifier>{f34ad3f5-7b9e-46a0-935a-a6779745f7c7}</UniqueIdentifier>
    </Filter>
  </ItemGroup>
  <ItemGroup>
    <ClCompile Include="code\01 Hello World\01_Hello_World.cpp">
      <Filter>Source Files\01 Hello World</Filter>
    </ClCompile>
    <ClCompile Include="code\01 Hello World\02_Comment.cpp">
      <Filter>Source Files\01 Hello World</Filter>
    </ClCompile>
    <ClCompile Include="code\01 Hello World\03_Variable.cpp">
      <Filter>Source Files\01 Hello World</Filter>
    </ClCompile>
    <ClCompile Include="code\01 Hello World\04_Constants.cpp">
      <Filter>Source Files\01 Hello World</Filter>
    </ClCompile>
    <ClCompile Include="code\01 Hello World\05_Keyword.cpp">
      <Filter>Source Files\01 Hello World</Filter>
    </ClCompile>
    <ClCompile Include="code\01 Hello World\06_Identifiers.cpp">
      <Filter>Source Files\01 Hello World</Filter>
    </ClCompile>
    <ClCompile Include="code\02 Types\01_Integer.cpp">
      <Filter>Source Files\02 Types</Filter>
    </ClCompile>
    <ClCompile Include="code\02 Types\02_Sizeof.cpp">
      <Filter>Source Files\02 Types</Filter>
    </ClCompile>
    <ClCompile Include="code\02 Types\03_Float.cpp">
      <Filter>Source Files\02 Types</Filter>
    </ClCompile>
    <ClCompile Include="code\02 Types\04_Character.cpp">
      <Filter>Source Files\02 Types</Filter>
    </ClCompile>
    <ClCompile Include="code\02 Types\05_Escape_Character.cpp">
      <Filter>Source Files\02 Types</Filter>
    </ClCompile>
    <ClCompile Include="code\02 Types\06_String.cpp">
      <Filter>Source Files\02 Types</Filter>
    </ClCompile>
    <ClCompile Include="code\02 Types\07_Bool.cpp">
      <Filter>Source Files\02 Types</Filter>
    </ClCompile>
    <ClCompile Include="code\02 Types\08_Data_Input.cpp">
      <Filter>Source Files\02 Types</Filter>
    </ClCompile>
    <ClCompile Include="code\03 Operator\01_Operator.cpp">
      <Filter>Source Files\03 Operator</Filter>
    </ClCompile>
    <ClCompile Include="code\03 Operator\02_Arithmetic_Operator.cpp">
      <Filter>Source Files\03 Operator</Filter>
    </ClCompile>
    <ClCompile Include="code\03 Operator\03_Assignment_Operator.cpp">
      <Filter>Source Files\03 Operator</Filter>
    </ClCompile>
    <ClCompile Include="code\03 Operator\04_Relational_Operator.cpp">
      <Filter>Source Files\03 Operator</Filter>
    </ClCompile>
    <ClCompile Include="code\03 Operator\05_Logical_Operator.cpp">
      <Filter>Source Files\03 Operator</Filter>
    </ClCompile>
    <ClCompile Include="code\04 Flow Structure\01_Flow_Structure.cpp">
      <Filter>Source Files\04 Flow Structure</Filter>
    </ClCompile>
    <ClCompile Include="code\04 Flow Structure\02_If_Statement.cpp">
      <Filter>Source Files\04 Flow Structure</Filter>
    </ClCompile>
    <ClCompile Include="code\04 Flow Structure\03_Three_Piglets_Were_Weighed.cpp">
      <Filter>Source Files\04 Flow Structure</Filter>
    </ClCompile>
    <ClCompile Include="code\04 Flow Structure\04_Ternary_Operator.cpp">
      <Filter>Source Files\04 Flow Structure</Filter>
    </ClCompile>
    <ClCompile Include="code\04 Flow Structure\05_Switch_Statement.cpp">
      <Filter>Source Files\04 Flow Structure</Filter>
    </ClCompile>
    <ClCompile Include="code\04 Flow Structure\06_While_Statement.cpp">
      <Filter>Source Files\04 Flow Structure</Filter>
    </ClCompile>
    <ClCompile Include="code\04 Flow Structure\07_Guess_Number.cpp">
      <Filter>Source Files\04 Flow Structure</Filter>
    </ClCompile>
    <ClCompile Include="code\04 Flow Structure\08_Do_While_Statement.cpp">
      <Filter>Source Files\04 Flow Structure</Filter>
    </ClCompile>
    <ClCompile Include="code\04 Flow Structure\09_Narcissistic_Number.cpp">
      <Filter>Source Files\04 Flow Structure</Filter>
    </ClCompile>
    <ClCompile Include="code\04 Flow Structure\10_For_Statement.cpp">
      <Filter>Source Files\04 Flow Structure</Filter>
    </ClCompile>
    <ClCompile Include="code\04 Flow Structure\11_Knock_On_The_Table.cpp">
      <Filter>Source Files\04 Flow Structure</Filter>
    </ClCompile>
    <ClCompile Include="code\04 Flow Structure\12_Nested_Loop.cpp">
      <Filter>Source Files\04 Flow Structure</Filter>
    </ClCompile>
    <ClCompile Include="code\04 Flow Structure\13_Multiplication_Table.cpp">
      <Filter>Source Files\04 Flow Structure</Filter>
    </ClCompile>
    <ClCompile Include="code\04 Flow Structure\14_Break_Statement.cpp">
      <Filter>Source Files\04 Flow Structure</Filter>
    </ClCompile>
    <ClCompile Include="code\04 Flow Structure\15_Continue_Statement.cpp">
      <Filter>Source Files\04 Flow Structure</Filter>
    </ClCompile>
    <ClCompile Include="code\04 Flow Structure\16_Goto_Statement.cpp">
      <Filter>Source Files\04 Flow Structure</Filter>
    </ClCompile>
    <ClCompile Include="code\05 Array\01_Definition_Of_One_Dimensional_Array.cpp">
      <Filter>Source Files\05 Array</Filter>
    </ClCompile>
    <ClCompile Include="code\05 Array\02_Name_Of_One_Dimensional_Array.cpp">
      <Filter>Source Files\05 Array</Filter>
    </ClCompile>
    <ClCompile Include="code\05 Array\03_Five_Piglets_Were_Weighed.cpp">
      <Filter>Source Files\05 Array</Filter>
    </ClCompile>
    <ClCompile Include="code\05 Array\04_Reverse_Array.cpp">
      <Filter>Source Files\05 Array</Filter>
    </ClCompile>
    <ClCompile Include="code\05 Array\05_Bubble_Sort.cpp">
      <Filter>Source Files\05 Array</Filter>
    </ClCompile>
    <ClCompile Include="code\05 Array\06_Definition_Of_Two_Dimensional_Array.cpp">
      <Filter>Source Files\05 Array</Filter>
    </ClCompile>
    <ClCompile Include="code\05 Array\07_Name_Of_Two_Dimensional_Array.cpp">
      <Filter>Source Files\05 Array</Filter>
    </ClCompile>
    <ClCompile Include="code\05 Array\08_Examination_Result_Statistics.cpp">
      <Filter>Source Files\05 Array</Filter>
    </ClCompile>
    <ClCompile Include="code\06 Function\01_Function_Defintion.cpp">
      <Filter>Source Files\06 Function</Filter>
    </ClCompile>
    <ClCompile Include="code\06 Function\02_Function_Call.cpp">
      <Filter>Source Files\06 Function</Filter>
    </ClCompile>
    <ClCompile Include="code\06 Function\03_Value_Transfer.cpp">
      <Filter>Source Files\06 Function</Filter>
    </ClCompile>
    <ClCompile Include="code\06 Function\04_Common_Style_Of_Function.cpp">
      <Filter>Source Files\06 Function</Filter>
    </ClCompile>
    <ClCompile Include="code\06 Function\05_Function_Declaration.cpp">
      <Filter>Source Files\06 Function</Filter>
    </ClCompile>
    <ClCompile Include="code\06 Function\06_Sub_File_Writing_Of_Function.cpp">
      <Filter>Source Files\06 Function</Filter>
    </ClCompile>
    <ClCompile Include="code\06 Function\06_Sub_File_Writing_Of_Function_Source.cpp">
      <Filter>Source Files\06 Function</Filter>
    </ClCompile>
    <ClCompile Include="code\07 指针\01_指针的定义和使用.cpp">
      <Filter>Source Files\07 指针</Filter>
    </ClCompile>
    <ClCompile Include="code\07 指针\02_指针所占内存空间.cpp">
      <Filter>Source Files\07 指针</Filter>
    </ClCompile>
    <ClCompile Include="code\07 指针\03_空指针和野指针.cpp">
      <Filter>Source Files\07 指针</Filter>
    </ClCompile>
    <ClCompile Include="code\07 指针\04_Const修饰指针.cpp">
      <Filter>Source Files\07 指针</Filter>
    </ClCompile>
    <ClCompile Include="code\07 指针\05_指针和数组.cpp">
      <Filter>Source Files\07 指针</Filter>
    </ClCompile>
    <ClCompile Include="code\07 指针\06_指针和函数.cpp">
      <Filter>Source Files\07 指针</Filter>
    </ClCompile>
    <ClCompile Include="code\07 指针\07_冒泡排序.cpp">
      <Filter>Source Files\07 指针</Filter>
    </ClCompile>
  </ItemGroup>
  <ItemGroup>
    <Image Include="code\04 Flow Structure\Guess_Number.png">
      <Filter>Source Files\04 Flow Structure</Filter>
    </Image>
  </ItemGroup>
  <ItemGroup>
    <ClInclude Include="code\06 Function\06_Sub_File_Writing_Of_Function_Header.h">
      <Filter>Source Files\06 Function</Filter>
    </ClInclude>
  </ItemGroup>
</Project>