<?xml version="1.0" encoding="utf-8"?>
<Project ToolsVersion="4.0" xmlns="http://schemas.microsoft.com/developer/msbuild/2003">
  <ItemGroup>
    <Filter Include="Source Files">
      <UniqueIdentifier>{4FC737F1-C7A5-4376-A066-2A32D752A2FF}</UniqueIdentifier>
      <Extensions>cpp;c;cc;cxx;def;odl;idl;hpj;bat;asm;asmx</Extensions>
    </Filter>
    <Filter Include="Header Files">
      <UniqueIdentifier>{93995380-89BD-4b04-88EB-625FBE52EBFB}</UniqueIdentifier>
      <Extensions>h;hh;hpp;hxx;hm;inl;inc;xsd</Extensions>
    </Filter>
    <Filter Include="Resource Files">
      <UniqueIdentifier>{67DA6AB6-F800-4c08-8B7A-83BB121AAD01}</UniqueIdentifier>
      <Extensions>rc;ico;cur;bmp;dlg;rc2;rct;bin;rgs;gif;jpg;jpeg;jpe;resx;tiff;tif;png;wav</Extensions>
    </Filter>
  </ItemGroup>
  <ItemGroup>
    <ClCompile Include="code\01 hello world\01_Hello_World.cpp">
      <Filter>Source Files</Filter>
    </ClCompile>
    <ClCompile Include="code\01 hello world\02_Comment.cpp">
      <Filter>Source Files</Filter>
    </ClCompile>
    <ClCompile Include="code\01 hello world\03_Variable.cpp">
      <Filter>Source Files</Filter>
    </ClCompile>
    <ClCompile Include="code\01 hello world\04_Constants.cpp">
      <Filter>Source Files</Filter>
    </ClCompile>
    <ClCompile Include="code\01 hello world\05_Keyword.cpp">
      <Filter>Source Files</Filter>
    </ClCompile>
    <ClCompile Include="code\01 hello world\06_Identifiers.cpp">
      <Filter>Source Files</Filter>
    </ClCompile>
    <ClCompile Include="code\02 types\01_Integer.cpp">
      <Filter>Source Files</Filter>
    </ClCompile>
    <ClCompile Include="code\02 types\02_Sizeof.cpp">
      <Filter>Source Files</Filter>
    </ClCompile>
    <ClCompile Include="code\02 types\03_Float.cpp">
      <Filter>Source Files</Filter>
    </ClCompile>
    <ClCompile Include="code\02 types\04_Character.cpp">
      <Filter>Source Files</Filter>
    </ClCompile>
    <ClCompile Include="code\02 types\05_Escape_Character.cpp">
      <Filter>Source Files</Filter>
    </ClCompile>
    <ClCompile Include="code\02 types\06_String.cpp">
      <Filter>Source Files</Filter>
    </ClCompile>
    <ClCompile Include="code\02 types\07_Bool.cpp">
      <Filter>Source Files</Filter>
    </ClCompile>
    <ClCompile Include="code\02 types\08_Data_Input.cpp">
      <Filter>Source Files</Filter>
    </ClCompile>
    <ClCompile Include="code\03 operator\01_Operator.cpp">
      <Filter>Source Files</Filter>
    </ClCompile>
    <ClCompile Include="code\03 operator\02_Arithmetic_Operator.cpp">
      <Filter>Source Files</Filter>
    </ClCompile>
    <ClCompile Include="code\03 Operator\03_Assignment_Operator.cpp">
      <Filter>Source Files</Filter>
    </ClCompile>
    <ClCompile Include="code\03 Operator\04_Relational_Operator.cpp">
      <Filter>Source Files</Filter>
    </ClCompile>
    <ClCompile Include="code\03 Operator\05_Logical_Operator.cpp">
      <Filter>Source Files</Filter>
    </ClCompile>
    <ClCompile Include="code\04 Flow Structure\01_Flow_Structure.cpp">
      <Filter>Source Files</Filter>
    </ClCompile>
    <ClCompile Include="code\04 Flow Structure\02_if_statement.cpp">
      <Filter>Source Files</Filter>
    </ClCompile>
    <ClCompile Include="code\04 Flow Structure\03_Three_Piglets_Were_Weighed.cpp">
      <Filter>Source Files</Filter>
    </ClCompile>
    <ClCompile Include="code\04 Flow Structure\04_Ternary_Operator.cpp">
      <Filter>Source Files</Filter>
    </ClCompile>
    <ClCompile Include="code\04 Flow Structure\05_Switch_Statement.cpp">
      <Filter>Source Files</Filter>
    </ClCompile>
    <ClCompile Include="code\04 Flow Structure\06_While_Statement.cpp">
      <Filter>Source Files</Filter>
    </ClCompile>
    <ClCompile Include="code\04 Flow Structure\07_Guess_Number.cpp">
      <Filter>Source Files</Filter>
    </ClCompile>
    <ClCompile Include="code\04 Flow Structure\08_Do_While_Statement.cpp">
      <Filter>Source Files</Filter>
    </ClCompile>
    <ClCompile Include="code\04 Flow Structure\09_Narcissistic_Number.cpp">
      <Filter>Source Files</Filter>
    </ClCompile>
    <ClCompile Include="code\04 Flow Structure\10_For_Statement.cpp">
      <Filter>Source Files</Filter>
    </ClCompile>
  </ItemGroup>
</Project>