<?xml version="1.0" encoding="utf-8"?>
<Project ToolsVersion="4.0" xmlns="http://schemas.microsoft.com/developer/msbuild/2003">
  <ItemGroup>
    <Filter Include="源文件">
      <UniqueIdentifier>{4FC737F1-C7A5-4376-A066-2A32D752A2FF}</UniqueIdentifier>
      <Extensions>cpp;c;cc;cxx;c++;cppm;ixx;def;odl;idl;hpj;bat;asm;asmx</Extensions>
    </Filter>
    <Filter Include="头文件">
      <UniqueIdentifier>{93995380-89BD-4b04-88EB-625FBE52EBFB}</UniqueIdentifier>
      <Extensions>h;hh;hpp;hxx;h++;hm;inl;inc;ipp;xsd</Extensions>
    </Filter>
    <Filter Include="资源文件">
      <UniqueIdentifier>{67DA6AB6-F800-4c08-8B7A-83BB121AAD01}</UniqueIdentifier>
      <Extensions>rc;ico;cur;bmp;dlg;rc2;rct;bin;rgs;gif;jpg;jpeg;jpe;resx;tiff;tif;png;wav;mfcribbon-ms</Extensions>
    </Filter>
    <Filter Include="源文件\01 内存分区模型">
      <UniqueIdentifier>{7f2c2bd0-1197-45c0-bf69-b638ae4691f8}</UniqueIdentifier>
    </Filter>
    <Filter Include="源文件\02 引用">
      <UniqueIdentifier>{5d661c65-aa16-4efd-a0dd-3c237c727136}</UniqueIdentifier>
    </Filter>
    <Filter Include="源文件\03 函数提高">
      <UniqueIdentifier>{6e25a4c1-f505-44bb-ad78-155ff4747553}</UniqueIdentifier>
    </Filter>
    <Filter Include="源文件\04 类和对象">
      <UniqueIdentifier>{02226a31-b434-4235-b6b5-0a6f3be30516}</UniqueIdentifier>
    </Filter>
  </ItemGroup>
  <ItemGroup>
    <ClCompile Include="代码\01 内存分区模型\01_内存分区模型.cpp">
      <Filter>源文件\01 内存分区模型</Filter>
    </ClCompile>
    <ClCompile Include="代码\01 内存分区模型\02_代码区.cpp">
      <Filter>源文件\01 内存分区模型</Filter>
    </ClCompile>
    <ClCompile Include="代码\01 内存分区模型\03_全局区.cpp">
      <Filter>源文件\01 内存分区模型</Filter>
    </ClCompile>
    <ClCompile Include="代码\02 引用\01_引用.cpp">
      <Filter>源文件\02 引用</Filter>
    </ClCompile>
    <ClCompile Include="代码\02 引用\02_引用作函数参数.cpp">
      <Filter>源文件\02 引用</Filter>
    </ClCompile>
    <ClCompile Include="代码\02 引用\03_引用作函数返回值.cpp">
      <Filter>源文件\02 引用</Filter>
    </ClCompile>
    <ClCompile Include="代码\02 引用\04_引用的本质.cpp">
      <Filter>源文件\02 引用</Filter>
    </ClCompile>
    <ClCompile Include="代码\02 引用\05_常量引用.cpp">
      <Filter>源文件\02 引用</Filter>
    </ClCompile>
    <ClCompile Include="代码\03 函数提高\01_函数默认参数.cpp">
      <Filter>源文件\03 函数提高</Filter>
    </ClCompile>
    <ClCompile Include="代码\03 函数提高\02_函数的占位参数.cpp">
      <Filter>源文件\03 函数提高</Filter>
    </ClCompile>
    <ClCompile Include="代码\03 函数提高\03_函数重载.cpp">
      <Filter>源文件\03 函数提高</Filter>
    </ClCompile>
    <ClCompile Include="代码\04 类和对象\01_类和对象.cpp">
      <Filter>源文件\04 类和对象</Filter>
    </ClCompile>
    <ClCompile Include="代码\04 类和对象\02_封装的意义.cpp">
      <Filter>源文件\04 类和对象</Filter>
    </ClCompile>
    <ClCompile Include="代码\04 类和对象\03_学生类.cpp">
      <Filter>源文件\04 类和对象</Filter>
    </ClCompile>
  </ItemGroup>
</Project>